
Microsoft Visual Studio Solution File, Format Version 12.00
# Visual Studio Version 16
VisualStudioVersion = 16.0.30204.135
MinimumVisualStudioVersion = 10.0.40219.1
Project("{9A19103F-16F7-4668-BE54-9A1E7A4F7556}") = "HelloWorld", "HelloWorld\HelloWorld.csproj", "{E50884F1-4F3A-4D45-B3B9-D0254A13C4BB}"
EndProject
Project("{9A19103F-16F7-4668-BE54-9A1E7A4F7556}") = "HelloWorldWithController", "HelloWorldWithController\HelloWorldWithController.csproj", "{EC9F5268-76D9-473E-8DBF-D1FF98DD2E65}"
EndProject
Project("{9A19103F-16F7-4668-BE54-9A1E7A4F7556}") = "HelloWorldWithRouting", "HelloWorldWithRouting\HelloWorldWithRouting.csproj", "{8644F180-E739-4C43-A405-0E0DC0B23004}"
EndProject
Project("{9A19103F-16F7-4668-BE54-9A1E7A4F7556}") = "CustomAttribute", "CustomAttribute\CustomAttribute.csproj", "{6B971F8D-EDCF-4B52-9990-49A281F93096}"
EndProject
Project("{FAE04EC0-301F-11D3-BF4B-00C04F79EFBC}") = "HelloWorldWithView", "HelloWorldWithView\HelloWorldWithView.csproj", "{C1833CA3-AD16-46BA-80BC-39AB91AB8448}"
EndProject
Project("{FAE04EC0-301F-11D3-BF4B-00C04F79EFBC}") = "HelloWorldWithModel", "HelloWorldWithModel\HelloWorldWithModel.csproj", "{775B8DCF-8CFD-4392-AFBF-56AD3817534D}"
EndProject
Global
	GlobalSection(SolutionConfigurationPlatforms) = preSolution
		Debug|Any CPU = Debug|Any CPU
		Release|Any CPU = Release|Any CPU
	EndGlobalSection
	GlobalSection(ProjectConfigurationPlatforms) = postSolution
		{E50884F1-4F3A-4D45-B3B9-D0254A13C4BB}.Debug|Any CPU.ActiveCfg = Debug|Any CPU
		{E50884F1-4F3A-4D45-B3B9-D0254A13C4BB}.Debug|Any CPU.Build.0 = Debug|Any CPU
		{E50884F1-4F3A-4D45-B3B9-D0254A13C4BB}.Release|Any CPU.ActiveCfg = Release|Any CPU
		{E50884F1-4F3A-4D45-B3B9-D0254A13C4BB}.Release|Any CPU.Build.0 = Release|Any CPU
		{EC9F5268-76D9-473E-8DBF-D1FF98DD2E65}.Debug|Any CPU.ActiveCfg = Debug|Any CPU
		{EC9F5268-76D9-473E-8DBF-D1FF98DD2E65}.Debug|Any CPU.Build.0 = Debug|Any CPU
		{EC9F5268-76D9-473E-8DBF-D1FF98DD2E65}.Release|Any CPU.ActiveCfg = Release|Any CPU
		{EC9F5268-76D9-473E-8DBF-D1FF98DD2E65}.Release|Any CPU.Build.0 = Release|Any CPU
		{8644F180-E739-4C43-A405-0E0DC0B23004}.Debug|Any CPU.ActiveCfg = Debug|Any CPU
		{8644F180-E739-4C43-A405-0E0DC0B23004}.Debug|Any CPU.Build.0 = Debug|Any CPU
		{8644F180-E739-4C43-A405-0E0DC0B23004}.Release|Any CPU.ActiveCfg = Release|Any CPU
		{8644F180-E739-4C43-A405-0E0DC0B23004}.Release|Any CPU.Build.0 = Release|Any CPU
		{6B971F8D-EDCF-4B52-9990-49A281F93096}.Debug|Any CPU.ActiveCfg = Debug|Any CPU
		{6B971F8D-EDCF-4B52-9990-49A281F93096}.Debug|Any CPU.Build.0 = Debug|Any CPU
		{6B971F8D-EDCF-4B52-9990-49A281F93096}.Release|Any CPU.ActiveCfg = Release|Any CPU
		{6B971F8D-EDCF-4B52-9990-49A281F93096}.Release|Any CPU.Build.0 = Release|Any CPU
		{C1833CA3-AD16-46BA-80BC-39AB91AB8448}.Debug|Any CPU.ActiveCfg = Debug|Any CPU
		{C1833CA3-AD16-46BA-80BC-39AB91AB8448}.Debug|Any CPU.Build.0 = Debug|Any CPU
		{C1833CA3-AD16-46BA-80BC-39AB91AB8448}.Release|Any CPU.ActiveCfg = Release|Any CPU
		{C1833CA3-AD16-46BA-80BC-39AB91AB8448}.Release|Any CPU.Build.0 = Release|Any CPU
		{775B8DCF-8CFD-4392-AFBF-56AD3817534D}.Debug|Any CPU.ActiveCfg = Debug|Any CPU
		{775B8DCF-8CFD-4392-AFBF-56AD3817534D}.Debug|Any CPU.Build.0 = Debug|Any CPU
		{775B8DCF-8CFD-4392-AFBF-56AD3817534D}.Release|Any CPU.ActiveCfg = Release|Any CPU
		{775B8DCF-8CFD-4392-AFBF-56AD3817534D}.Release|Any CPU.Build.0 = Release|Any CPU
	EndGlobalSection
	GlobalSection(SolutionProperties) = preSolution
		HideSolutionNode = FALSE
	EndGlobalSection
	GlobalSection(ExtensibilityGlobals) = postSolution
		SolutionGuid = {0B3A42ED-22B3-49D9-85D0-B4AC367A9F1A}
	EndGlobalSection
EndGlobal
