
Microsoft Visual Studio Solution File, Format Version 12.00
# Visual Studio Version 17
VisualStudioVersion = 17.2.32630.192
MinimumVisualStudioVersion = 10.0.40219.1
Project("{FAE04EC0-301F-11D3-BF4B-00C04F79EFBC}") = "AuthenticationSample", "AuthenticationSample\AuthenticationSample.csproj", "{C2261FE4-68B6-4774-8915-69F9DD8665C0}"
EndProject
Global
	GlobalSection(SolutionConfigurationPlatforms) = preSolution
		Debug|Any CPU = Debug|Any CPU
		Release|Any CPU = Release|Any CPU
	EndGlobalSection
	GlobalSection(ProjectConfigurationPlatforms) = postSolution
		{C2261FE4-68B6-4774-8915-69F9DD8665C0}.Debug|Any CPU.ActiveCfg = Debug|Any CPU
		{C2261FE4-68B6-4774-8915-69F9DD8665C0}.Debug|Any CPU.Build.0 = Debug|Any CPU
		{C2261FE4-68B6-4774-8915-69F9DD8665C0}.Release|Any CPU.ActiveCfg = Release|Any CPU
		{C2261FE4-68B6-4774-8915-69F9DD8665C0}.Release|Any CPU.Build.0 = Release|Any CPU
	EndGlobalSection
	GlobalSection(SolutionProperties) = preSolution
		HideSolutionNode = FALSE
	EndGlobalSection
	GlobalSection(ExtensibilityGlobals) = postSolution
		SolutionGuid = {2FDD2CDF-1B3F-40A1-828A-DB140E0B28A6}
	EndGlobalSection
EndGlobal
