
Microsoft Visual Studio Solution File, Format Version 12.00
# Visual Studio Version 16
VisualStudioVersion = 16.0.30330.147
MinimumVisualStudioVersion = 10.0.40219.1
Project("{9A19103F-16F7-4668-BE54-9A1E7A4F7556}") = "Scss", "Scss\Scss.csproj", "{4D52C1CE-B79F-4FE8-A4CA-BD6410918D93}"
EndProject
Project("{FAE04EC0-301F-11D3-BF4B-00C04F79EFBC}") = "Scss.BuildWebCompiler", "Scss.BuildWebCompiler\Scss.BuildWebCompiler.csproj", "{CA29DBF2-DFDD-4466-A32E-37AE25A6B366}"
EndProject
Global
	GlobalSection(SolutionConfigurationPlatforms) = preSolution
		Debug|Any CPU = Debug|Any CPU
		Release|Any CPU = Release|Any CPU
	EndGlobalSection
	GlobalSection(ProjectConfigurationPlatforms) = postSolution
		{4D52C1CE-B79F-4FE8-A4CA-BD6410918D93}.Debug|Any CPU.ActiveCfg = Debug|Any CPU
		{4D52C1CE-B79F-4FE8-A4CA-BD6410918D93}.Debug|Any CPU.Build.0 = Debug|Any CPU
		{4D52C1CE-B79F-4FE8-A4CA-BD6410918D93}.Release|Any CPU.ActiveCfg = Release|Any CPU
		{4D52C1CE-B79F-4FE8-A4CA-BD6410918D93}.Release|Any CPU.Build.0 = Release|Any CPU
		{CA29DBF2-DFDD-4466-A32E-37AE25A6B366}.Debug|Any CPU.ActiveCfg = Debug|Any CPU
		{CA29DBF2-DFDD-4466-A32E-37AE25A6B366}.Debug|Any CPU.Build.0 = Debug|Any CPU
		{CA29DBF2-DFDD-4466-A32E-37AE25A6B366}.Release|Any CPU.ActiveCfg = Release|Any CPU
		{CA29DBF2-DFDD-4466-A32E-37AE25A6B366}.Release|Any CPU.Build.0 = Release|Any CPU
	EndGlobalSection
	GlobalSection(SolutionProperties) = preSolution
		HideSolutionNode = FALSE
	EndGlobalSection
	GlobalSection(ExtensibilityGlobals) = postSolution
		SolutionGuid = {0E0BA579-19B2-4638-82FE-B2F51A97EC0A}
	EndGlobalSection
EndGlobal
